
Microsoft Visual Studio Solution File, Format Version 12.00
# Visual Studio Version 17
VisualStudioVersion = 17.4.33122.133
MinimumVisualStudioVersion = 10.0.40219.1
Project("{E24C65DC-7377-472B-9ABA-BC803B73C61A}") = "sewebsite", "sewebsite\", "{37F6B176-E20F-4B1E-8BCC-53205A454204}"
	ProjectSection(WebsiteProperties) = preProject
		TargetFrameworkMoniker = ".NETFramework,Version%3Dv4.7.2"
		Debug.AspNetCompiler.VirtualPath = "/localhost_64121"
		Debug.AspNetCompiler.PhysicalPath = "sewebsite\"
		Debug.AspNetCompiler.TargetPath = "PrecompiledWeb\localhost_64121\"
		Debug.AspNetCompiler.Updateable = "true"
		Debug.AspNetCompiler.ForceOverwrite = "true"
		Debug.AspNetCompiler.FixedNames = "false"
		Debug.AspNetCompiler.Debug = "True"
		Release.AspNetCompiler.VirtualPath = "/localhost_64121"
		Release.AspNetCompiler.PhysicalPath = "sewebsite\"
		Release.AspNetCompiler.TargetPath = "PrecompiledWeb\localhost_64121\"
		Release.AspNetCompiler.Updateable = "true"
		Release.AspNetCompiler.ForceOverwrite = "true"
		Release.AspNetCompiler.FixedNames = "false"
		Release.AspNetCompiler.Debug = "False"
		VWDPort = "64121"
		DefaultWebSiteLanguage = "Visual C#"
	EndProjectSection
EndProject
Global
	GlobalSection(SolutionConfigurationPlatforms) = preSolution
		Debug|Any CPU = Debug|Any CPU
	EndGlobalSection
	GlobalSection(ProjectConfigurationPlatforms) = postSolution
		{37F6B176-E20F-4B1E-8BCC-53205A454204}.Debug|Any CPU.ActiveCfg = Debug|Any CPU
		{37F6B176-E20F-4B1E-8BCC-53205A454204}.Debug|Any CPU.Build.0 = Debug|Any CPU
	EndGlobalSection
	GlobalSection(SolutionProperties) = preSolution
		HideSolutionNode = FALSE
	EndGlobalSection
	GlobalSection(ExtensibilityGlobals) = postSolution
		SolutionGuid = {1C8BD0F1-9EF5-4E16-A6E2-2EEA2A059EAA}
	EndGlobalSection
EndGlobal
